
Microsoft Visual Studio Solution File, Format Version 11.00
# Visual Studio 2010
Project("{54435603-DBB4-11D2-8724-00A0C9A8B90C}") = "SPCWindowsNotification", "SPCWindowsNotification\SPCWindowsNotification.vdproj", "{394D3A8A-5447-4EB2-A1F6-A6E59EBD5889}"
EndProject
Global
	GlobalSection(SolutionConfigurationPlatforms) = preSolution
		Debug|Default = Debug|Default
		Release|Default = Release|Default
	EndGlobalSection
	GlobalSection(ProjectConfigurationPlatforms) = postSolution
		{394D3A8A-5447-4EB2-A1F6-A6E59EBD5889}.Debug|Default.ActiveCfg = Debug
		{394D3A8A-5447-4EB2-A1F6-A6E59EBD5889}.Debug|Default.Build.0 = Debug
		{394D3A8A-5447-4EB2-A1F6-A6E59EBD5889}.Release|Default.ActiveCfg = Release
		{394D3A8A-5447-4EB2-A1F6-A6E59EBD5889}.Release|Default.Build.0 = Release
	EndGlobalSection
	GlobalSection(SolutionProperties) = preSolution
		HideSolutionNode = FALSE
	EndGlobalSection
EndGlobal
