
Microsoft Visual Studio Solution File, Format Version 11.00
# Visual Studio 2010
Project("{F184B08F-C81C-45F6-A57F-5ABD9991F28F}") = "SPCInboxNotification", "SPCInboxNotification\SPCInboxNotification.vbproj", "{24DCE2FF-1617-4B1B-A2FD-F896F6F7B015}"
EndProject
Global
	GlobalSection(SolutionConfigurationPlatforms) = preSolution
		Debug|x86 = Debug|x86
		Release|x86 = Release|x86
	EndGlobalSection
	GlobalSection(ProjectConfigurationPlatforms) = postSolution
		{24DCE2FF-1617-4B1B-A2FD-F896F6F7B015}.Debug|x86.ActiveCfg = Debug|x86
		{24DCE2FF-1617-4B1B-A2FD-F896F6F7B015}.Debug|x86.Build.0 = Debug|x86
		{24DCE2FF-1617-4B1B-A2FD-F896F6F7B015}.Release|x86.ActiveCfg = Release|x86
		{24DCE2FF-1617-4B1B-A2FD-F896F6F7B015}.Release|x86.Build.0 = Release|x86
	EndGlobalSection
	GlobalSection(SolutionProperties) = preSolution
		HideSolutionNode = FALSE
	EndGlobalSection
EndGlobal
